
Microsoft Visual Studio Solution File, Format Version 12.00
# Visual Studio Version 17
VisualStudioVersion = 17.10.35013.160
MinimumVisualStudioVersion = 10.0.40219.1
Project("{FAE04EC0-301F-11D3-BF4B-00C04F79EFBC}") = "webapp", "webapp\webapp.csproj", "{A76DD225-8BAA-499A-95D4-43C7158900C2}"
EndProject
Global
	GlobalSection(SolutionConfigurationPlatforms) = preSolution
		Debug|Any CPU = Debug|Any CPU
		Release|Any CPU = Release|Any CPU
	EndGlobalSection
	GlobalSection(ProjectConfigurationPlatforms) = postSolution
		{A76DD225-8BAA-499A-95D4-43C7158900C2}.Debug|Any CPU.ActiveCfg = Debug|Any CPU
		{A76DD225-8BAA-499A-95D4-43C7158900C2}.Debug|Any CPU.Build.0 = Debug|Any CPU
		{A76DD225-8BAA-499A-95D4-43C7158900C2}.Release|Any CPU.ActiveCfg = Release|Any CPU
		{A76DD225-8BAA-499A-95D4-43C7158900C2}.Release|Any CPU.Build.0 = Release|Any CPU
	EndGlobalSection
	GlobalSection(SolutionProperties) = preSolution
		HideSolutionNode = FALSE
	EndGlobalSection
	GlobalSection(ExtensibilityGlobals) = postSolution
		SolutionGuid = {52C7E6CC-69CF-4820-B863-BB7F6DEEE781}
	EndGlobalSection
EndGlobal
